
Microsoft Visual Studio Solution File, Format Version 12.00
# Visual Studio Version 17
VisualStudioVersion = 17.9.34622.214
MinimumVisualStudioVersion = 10.0.40219.1
Project("{FAE04EC0-301F-11D3-BF4B-00C04F79EFBC}") = "webapi", "webapi\webapi.csproj", "{D705B505-8ECE-4451-8A1F-BE6D7116E3A7}"
EndProject
Global
	GlobalSection(SolutionConfigurationPlatforms) = preSolution
		Debug|Any CPU = Debug|Any CPU
		Release|Any CPU = Release|Any CPU
	EndGlobalSection
	GlobalSection(ProjectConfigurationPlatforms) = postSolution
		{D705B505-8ECE-4451-8A1F-BE6D7116E3A7}.Debug|Any CPU.ActiveCfg = Debug|Any CPU
		{D705B505-8ECE-4451-8A1F-BE6D7116E3A7}.Debug|Any CPU.Build.0 = Debug|Any CPU
		{D705B505-8ECE-4451-8A1F-BE6D7116E3A7}.Release|Any CPU.ActiveCfg = Release|Any CPU
		{D705B505-8ECE-4451-8A1F-BE6D7116E3A7}.Release|Any CPU.Build.0 = Release|Any CPU
	EndGlobalSection
	GlobalSection(SolutionProperties) = preSolution
		HideSolutionNode = FALSE
	EndGlobalSection
	GlobalSection(ExtensibilityGlobals) = postSolution
		SolutionGuid = {300C10EB-1728-4E33-8EA6-8F8C2515BD5A}
	EndGlobalSection
EndGlobal
